// !$*UTF8*$!
{
	archiveVersion = 1;
	classes = {
	};
	objectVersion = 46;
	objects = {

/* Begin PBXBuildFile section */
		D69DA5DA1A769FE30005D486 /* ArrayTest.swift in Sources */ = {isa = PBXBuildFile; fileRef = D69DA5D91A769FE30005D486 /* ArrayTest.swift */; };
		D69DA5E71A786B400005D486 /* swiftf.swift in Sources */ = {isa = PBXBuildFile; fileRef = D69DA5E31A769FFD0005D486 /* swiftf.swift */; };
		D69DA5E91A788BD60005D486 /* OptionalTest.swift in Sources */ = {isa = PBXBuildFile; fileRef = D69DA5E81A788BD60005D486 /* OptionalTest.swift */; };
		D69DA5F11A788D960005D486 /* main.swift in Sources */ = {isa = PBXBuildFile; fileRef = D69DA5F01A788D960005D486 /* main.swift */; };
		D69DA5F51A788DA20005D486 /* swiftf.swift in Sources */ = {isa = PBXBuildFile; fileRef = D69DA5E31A769FFD0005D486 /* swiftf.swift */; };
/* End PBXBuildFile section */

/* Begin PBXCopyFilesBuildPhase section */
		D69DA5EC1A788D960005D486 /* CopyFiles */ = {
			isa = PBXCopyFilesBuildPhase;
			buildActionMask = 2147483647;
			dstPath = /usr/share/man/man1/;
			dstSubfolderSpec = 0;
			files = (
			);
			runOnlyForDeploymentPostprocessing = 1;
		};
/* End PBXCopyFilesBuildPhase section */

/* Begin PBXFileReference section */
		D69DA5D21A769FE30005D486 /* swiftfTests.xctest */ = {isa = PBXFileReference; explicitFileType = wrapper.cfbundle; includeInIndex = 0; path = swiftfTests.xctest; sourceTree = BUILT_PRODUCTS_DIR; };
		D69DA5D81A769FE30005D486 /* Info.plist */ = {isa = PBXFileReference; lastKnownFileType = text.plist.xml; path = Info.plist; sourceTree = "<group>"; };
		D69DA5D91A769FE30005D486 /* ArrayTest.swift */ = {isa = PBXFileReference; lastKnownFileType = sourcecode.swift; path = ArrayTest.swift; sourceTree = "<group>"; };
		D69DA5E31A769FFD0005D486 /* swiftf.swift */ = {isa = PBXFileReference; fileEncoding = 4; lastKnownFileType = sourcecode.swift; path = swiftf.swift; sourceTree = "<group>"; };
		D69DA5E81A788BD60005D486 /* OptionalTest.swift */ = {isa = PBXFileReference; fileEncoding = 4; lastKnownFileType = sourcecode.swift; path = OptionalTest.swift; sourceTree = "<group>"; };
		D69DA5EE1A788D960005D486 /* swiftfSample */ = {isa = PBXFileReference; explicitFileType = "compiled.mach-o.executable"; includeInIndex = 0; path = swiftfSample; sourceTree = BUILT_PRODUCTS_DIR; };
		D69DA5F01A788D960005D486 /* main.swift */ = {isa = PBXFileReference; lastKnownFileType = sourcecode.swift; path = main.swift; sourceTree = "<group>"; };
/* End PBXFileReference section */

/* Begin PBXFrameworksBuildPhase section */
		D69DA5CF1A769FE30005D486 /* Frameworks */ = {
			isa = PBXFrameworksBuildPhase;
			buildActionMask = 2147483647;
			files = (
			);
			runOnlyForDeploymentPostprocessing = 0;
		};
		D69DA5EB1A788D960005D486 /* Frameworks */ = {
			isa = PBXFrameworksBuildPhase;
			buildActionMask = 2147483647;
			files = (
			);
			runOnlyForDeploymentPostprocessing = 0;
		};
/* End PBXFrameworksBuildPhase section */

/* Begin PBXGroup section */
		D69DA5BD1A769FE30005D486 = {
			isa = PBXGroup;
			children = (
				D69DA5C91A769FE30005D486 /* swiftf */,
				D69DA5D61A769FE30005D486 /* swiftfTests */,
				D69DA5EF1A788D960005D486 /* swiftfSample */,
				D69DA5C81A769FE30005D486 /* Products */,
			);
			sourceTree = "<group>";
		};
		D69DA5C81A769FE30005D486 /* Products */ = {
			isa = PBXGroup;
			children = (
				D69DA5D21A769FE30005D486 /* swiftfTests.xctest */,
				D69DA5EE1A788D960005D486 /* swiftfSample */,
			);
			name = Products;
			sourceTree = "<group>";
		};
		D69DA5C91A769FE30005D486 /* swiftf */ = {
			isa = PBXGroup;
			children = (
				D69DA5E31A769FFD0005D486 /* swiftf.swift */,
			);
			path = swiftf;
			sourceTree = "<group>";
		};
		D69DA5D61A769FE30005D486 /* swiftfTests */ = {
			isa = PBXGroup;
			children = (
				D69DA5D91A769FE30005D486 /* ArrayTest.swift */,
				D69DA5E81A788BD60005D486 /* OptionalTest.swift */,
				D69DA5D71A769FE30005D486 /* Supporting Files */,
			);
			path = swiftfTests;
			sourceTree = "<group>";
		};
		D69DA5D71A769FE30005D486 /* Supporting Files */ = {
			isa = PBXGroup;
			children = (
				D69DA5D81A769FE30005D486 /* Info.plist */,
			);
			name = "Supporting Files";
			sourceTree = "<group>";
		};
		D69DA5EF1A788D960005D486 /* swiftfSample */ = {
			isa = PBXGroup;
			children = (
				D69DA5F01A788D960005D486 /* main.swift */,
			);
			path = swiftfSample;
			sourceTree = "<group>";
		};
/* End PBXGroup section */

/* Begin PBXNativeTarget section */
		D69DA5D11A769FE30005D486 /* swiftf */ = {
			isa = PBXNativeTarget;
			buildConfigurationList = D69DA5E01A769FE30005D486 /* Build configuration list for PBXNativeTarget "swiftf" */;
			buildPhases = (
				D69DA5CE1A769FE30005D486 /* Sources */,
				D69DA5CF1A769FE30005D486 /* Frameworks */,
				D69DA5D01A769FE30005D486 /* Resources */,
			);
			buildRules = (
			);
			dependencies = (
			);
			name = swiftf;
			productName = swiftfTests;
			productReference = D69DA5D21A769FE30005D486 /* swiftfTests.xctest */;
			productType = "com.apple.product-type.bundle.unit-test";
		};
		D69DA5ED1A788D960005D486 /* swiftfSample */ = {
			isa = PBXNativeTarget;
			buildConfigurationList = D69DA5F21A788D960005D486 /* Build configuration list for PBXNativeTarget "swiftfSample" */;
			buildPhases = (
				D69DA5EA1A788D960005D486 /* Sources */,
				D69DA5EB1A788D960005D486 /* Frameworks */,
				D69DA5EC1A788D960005D486 /* CopyFiles */,
			);
			buildRules = (
			);
			dependencies = (
			);
			name = swiftfSample;
			productName = swiftfSample;
			productReference = D69DA5EE1A788D960005D486 /* swiftfSample */;
			productType = "com.apple.product-type.tool";
		};
/* End PBXNativeTarget section */

/* Begin PBXProject section */
		D69DA5BE1A769FE30005D486 /* Project object */ = {
			isa = PBXProject;
			attributes = {
				LastUpgradeCheck = 0610;
				ORGANIZATIONNAME = koherent.org;
				TargetAttributes = {
					D69DA5D11A769FE30005D486 = {
						CreatedOnToolsVersion = 6.1.1;
					};
					D69DA5ED1A788D960005D486 = {
						CreatedOnToolsVersion = 6.1.1;
					};
				};
			};
			buildConfigurationList = D69DA5C11A769FE30005D486 /* Build configuration list for PBXProject "swiftf" */;
			compatibilityVersion = "Xcode 3.2";
			developmentRegion = English;
			hasScannedForEncodings = 0;
			knownRegions = (
				en,
			);
			mainGroup = D69DA5BD1A769FE30005D486;
			productRefGroup = D69DA5C81A769FE30005D486 /* Products */;
			projectDirPath = "";
			projectRoot = "";
			targets = (
				D69DA5D11A769FE30005D486 /* swiftf */,
				D69DA5ED1A788D960005D486 /* swiftfSample */,
			);
		};
/* End PBXProject section */

/* Begin PBXResourcesBuildPhase section */
		D69DA5D01A769FE30005D486 /* Resources */ = {
			isa = PBXResourcesBuildPhase;
			buildActionMask = 2147483647;
			files = (
			);
			runOnlyForDeploymentPostprocessing = 0;
		};
/* End PBXResourcesBuildPhase section */

/* Begin PBXSourcesBuildPhase section */
		D69DA5CE1A769FE30005D486 /* Sources */ = {
			isa = PBXSourcesBuildPhase;
			buildActionMask = 2147483647;
			files = (
				D69DA5E71A786B400005D486 /* swiftf.swift in Sources */,
				D69DA5E91A788BD60005D486 /* OptionalTest.swift in Sources */,
				D69DA5DA1A769FE30005D486 /* ArrayTest.swift in Sources */,
			);
			runOnlyForDeploymentPostprocessing = 0;
		};
		D69DA5EA1A788D960005D486 /* Sources */ = {
			isa = PBXSourcesBuildPhase;
			buildActionMask = 2147483647;
			files = (
				D69DA5F51A788DA20005D486 /* swiftf.swift in Sources */,
				D69DA5F11A788D960005D486 /* main.swift in Sources */,
			);
			runOnlyForDeploymentPostprocessing = 0;
		};
/* End PBXSourcesBuildPhase section */

/* Begin XCBuildConfiguration section */
		D69DA5DB1A769FE30005D486 /* Debug */ = {
			isa = XCBuildConfiguration;
			buildSettings = {
				ALWAYS_SEARCH_USER_PATHS = NO;
				CLANG_CXX_LANGUAGE_STANDARD = "gnu++0x";
				CLANG_CXX_LIBRARY = "libc++";
				CLANG_ENABLE_MODULES = YES;
				CLANG_ENABLE_OBJC_ARC = YES;
				CLANG_WARN_BOOL_CONVERSION = YES;
				CLANG_WARN_CONSTANT_CONVERSION = YES;
				CLANG_WARN_DIRECT_OBJC_ISA_USAGE = YES_ERROR;
				CLANG_WARN_EMPTY_BODY = YES;
				CLANG_WARN_ENUM_CONVERSION = YES;
				CLANG_WARN_INT_CONVERSION = YES;
				CLANG_WARN_OBJC_ROOT_CLASS = YES_ERROR;
				CLANG_WARN_UNREACHABLE_CODE = YES;
				CLANG_WARN__DUPLICATE_METHOD_MATCH = YES;
				"CODE_SIGN_IDENTITY[sdk=iphoneos*]" = "iPhone Developer";
				COPY_PHASE_STRIP = NO;
				CURRENT_PROJECT_VERSION = 1;
				ENABLE_STRICT_OBJC_MSGSEND = YES;
				GCC_C_LANGUAGE_STANDARD = gnu99;
				GCC_DYNAMIC_NO_PIC = NO;
				GCC_OPTIMIZATION_LEVEL = 0;
				GCC_PREPROCESSOR_DEFINITIONS = (
					"DEBUG=1",
					"$(inherited)",
				);
				GCC_SYMBOLS_PRIVATE_EXTERN = NO;
				GCC_WARN_64_TO_32_BIT_CONVERSION = YES;
				GCC_WARN_ABOUT_RETURN_TYPE = YES_ERROR;
				GCC_WARN_UNDECLARED_SELECTOR = YES;
				GCC_WARN_UNINITIALIZED_AUTOS = YES_AGGRESSIVE;
				GCC_WARN_UNUSED_FUNCTION = YES;
				GCC_WARN_UNUSED_VARIABLE = YES;
				IPHONEOS_DEPLOYMENT_TARGET = 8.1;
				MTL_ENABLE_DEBUG_INFO = YES;
				ONLY_ACTIVE_ARCH = YES;
				SDKROOT = iphoneos;
				SWIFT_OPTIMIZATION_LEVEL = "-Onone";
				TARGETED_DEVICE_FAMILY = "1,2";
				VERSIONING_SYSTEM = "apple-generic";
				VERSION_INFO_PREFIX = "";
			};
			name = Debug;
		};
		D69DA5DC1A769FE30005D486 /* Release */ = {
			isa = XCBuildConfiguration;
			buildSettings = {
				ALWAYS_SEARCH_USER_PATHS = NO;
				CLANG_CXX_LANGUAGE_STANDARD = "gnu++0x";
				CLANG_CXX_LIBRARY = "libc++";
				CLANG_ENABLE_MODULES = YES;
				CLANG_ENABLE_OBJC_ARC = YES;
				CLANG_WARN_BOOL_CONVERSION = YES;
				CLANG_WARN_CONSTANT_CONVERSION = YES;
				CLANG_WARN_DIRECT_OBJC_ISA_USAGE = YES_ERROR;
				CLANG_WARN_EMPTY_BODY = YES;
				CLANG_WARN_ENUM_CONVERSION = YES;
				CLANG_WARN_INT_CONVERSION = YES;
				CLANG_WARN_OBJC_ROOT_CLASS = YES_ERROR;
				CLANG_WARN_UNREACHABLE_CODE = YES;
				CLANG_WARN__DUPLICATE_METHOD_MATCH = YES;
				"CODE_SIGN_IDENTITY[sdk=iphoneos*]" = "iPhone Developer";
				COPY_PHASE_STRIP = YES;
				CURRENT_PROJECT_VERSION = 1;
				ENABLE_NS_ASSERTIONS = NO;
				ENABLE_STRICT_OBJC_MSGSEND = YES;
				GCC_C_LANGUAGE_STANDARD = gnu99;
				GCC_WARN_64_TO_32_BIT_CONVERSION = YES;
				GCC_WARN_ABOUT_RETURN_TYPE = YES_ERROR;
				GCC_WARN_UNDECLARED_SELECTOR = YES;
				GCC_WARN_UNINITIALIZED_AUTOS = YES_AGGRESSIVE;
				GCC_WARN_UNUSED_FUNCTION = YES;
				GCC_WARN_UNUSED_VARIABLE = YES;
				IPHONEOS_DEPLOYMENT_TARGET = 8.1;
				MTL_ENABLE_DEBUG_INFO = NO;
				SDKROOT = iphoneos;
				TARGETED_DEVICE_FAMILY = "1,2";
				VALIDATE_PRODUCT = YES;
				VERSIONING_SYSTEM = "apple-generic";
				VERSION_INFO_PREFIX = "";
			};
			name = Release;
		};
		D69DA5E11A769FE30005D486 /* Debug */ = {
			isa = XCBuildConfiguration;
			buildSettings = {
				FRAMEWORK_SEARCH_PATHS = (
					"$(SDKROOT)/Developer/Library/Frameworks",
					"$(inherited)",
				);
				GCC_PREPROCESSOR_DEFINITIONS = (
					"DEBUG=1",
					"$(inherited)",
				);
				INFOPLIST_FILE = swiftfTests/Info.plist;
				LD_RUNPATH_SEARCH_PATHS = "$(inherited) @executable_path/Frameworks @loader_path/Frameworks";
				PRODUCT_NAME = "$(TARGET_NAME)";
			};
			name = Debug;
		};
		D69DA5E21A769FE30005D486 /* Release */ = {
			isa = XCBuildConfiguration;
			buildSettings = {
				FRAMEWORK_SEARCH_PATHS = (
					"$(SDKROOT)/Developer/Library/Frameworks",
					"$(inherited)",
				);
				INFOPLIST_FILE = swiftfTests/Info.plist;
				LD_RUNPATH_SEARCH_PATHS = "$(inherited) @executable_path/Frameworks @loader_path/Frameworks";
				PRODUCT_NAME = "$(TARGET_NAME)";
			};
			name = Release;
		};
		D69DA5F31A788D960005D486 /* Debug */ = {
			isa = XCBuildConfiguration;
			buildSettings = {
				GCC_PREPROCESSOR_DEFINITIONS = (
					"DEBUG=1",
					"$(inherited)",
				);
				MACOSX_DEPLOYMENT_TARGET = 10.10;
				PRODUCT_NAME = "$(TARGET_NAME)";
				SDKROOT = macosx;
			};
			name = Debug;
		};
		D69DA5F41A788D960005D486 /* Release */ = {
			isa = XCBuildConfiguration;
			buildSettings = {
				DEBUG_INFORMATION_FORMAT = "dwarf-with-dsym";
				MACOSX_DEPLOYMENT_TARGET = 10.10;
				PRODUCT_NAME = "$(TARGET_NAME)";
				SDKROOT = macosx;
			};
			name = Release;
		};
/* End XCBuildConfiguration section */

/* Begin XCConfigurationList section */
		D69DA5C11A769FE30005D486 /* Build configuration list for PBXProject "swiftf" */ = {
			isa = XCConfigurationList;
			buildConfigurations = (
				D69DA5DB1A769FE30005D486 /* Debug */,
				D69DA5DC1A769FE30005D486 /* Release */,
			);
			defaultConfigurationIsVisible = 0;
			defaultConfigurationName = Release;
		};
		D69DA5E01A769FE30005D486 /* Build configuration list for PBXNativeTarget "swiftf" */ = {
			isa = XCConfigurationList;
			buildConfigurations = (
				D69DA5E11A769FE30005D486 /* Debug */,
				D69DA5E21A769FE30005D486 /* Release */,
			);
			defaultConfigurationIsVisible = 0;
			defaultConfigurationName = Release;
		};
		D69DA5F21A788D960005D486 /* Build configuration list for PBXNativeTarget "swiftfSample" */ = {
			isa = XCConfigurationList;
			buildConfigurations = (
				D69DA5F31A788D960005D486 /* Debug */,
				D69DA5F41A788D960005D486 /* Release */,
			);
			defaultConfigurationIsVisible = 0;
		};
/* End XCConfigurationList section */
	};
	rootObject = D69DA5BE1A769FE30005D486 /* Project object */;
}
